
Microsoft Visual Studio Solution File, Format Version 12.00
# Visual Studio Version 17
VisualStudioVersion = 17.4.33403.182
MinimumVisualStudioVersion = 10.0.40219.1
Project("{FAE04EC0-301F-11D3-BF4B-00C04F79EFBC}") = "URL", "URL\URL.csproj", "{F8873E4E-9764-42D4-BFFD-FF0A9C1DE2F0}"
EndProject
Global
	GlobalSection(SolutionConfigurationPlatforms) = preSolution
		Debug|Any CPU = Debug|Any CPU
		Release|Any CPU = Release|Any CPU
	EndGlobalSection
	GlobalSection(ProjectConfigurationPlatforms) = postSolution
		{F8873E4E-9764-42D4-BFFD-FF0A9C1DE2F0}.Debug|Any CPU.ActiveCfg = Debug|Any CPU
		{F8873E4E-9764-42D4-BFFD-FF0A9C1DE2F0}.Debug|Any CPU.Build.0 = Debug|Any CPU
		{F8873E4E-9764-42D4-BFFD-FF0A9C1DE2F0}.Release|Any CPU.ActiveCfg = Release|Any CPU
		{F8873E4E-9764-42D4-BFFD-FF0A9C1DE2F0}.Release|Any CPU.Build.0 = Release|Any CPU
	EndGlobalSection
	GlobalSection(SolutionProperties) = preSolution
		HideSolutionNode = FALSE
	EndGlobalSection
	GlobalSection(ExtensibilityGlobals) = postSolution
		SolutionGuid = {D957EF8D-0635-410E-AA48-E51695D64641}
	EndGlobalSection
EndGlobal
